// !$*UTF8*$!
{
	archiveVersion = 1;
	classes = {
	};
	objectVersion = 55;
	objects = {

/* Begin PBXBuildFile section */
		5F3CC06E270B272B00D33B44 /* AchievementList.storyboard in Resources */ = {isa = PBXBuildFile; fileRef = 5F3CC06D270B272B00D33B44 /* AchievementList.storyboard */; };
		5F3CC071270B34FF00D33B44 /* AchievementListController.swift in Sources */ = {isa = PBXBuildFile; fileRef = 5F3CC070270B34FF00D33B44 /* AchievementListController.swift */; };
		5F3CC073270B351600D33B44 /* AchievementListView.swift in Sources */ = {isa = PBXBuildFile; fileRef = 5F3CC072270B351600D33B44 /* AchievementListView.swift */; };
		5F3CC077270B442600D33B44 /* Achievement.storyboard in Resources */ = {isa = PBXBuildFile; fileRef = 5F3CC076270B442600D33B44 /* Achievement.storyboard */; };
		5F3CC079270B444000D33B44 /* AchievementView.swift in Sources */ = {isa = PBXBuildFile; fileRef = 5F3CC078270B444000D33B44 /* AchievementView.swift */; };
		5F3CC07D270B46EF00D33B44 /* AchievementController.swift in Sources */ = {isa = PBXBuildFile; fileRef = 5F3CC07C270B46EF00D33B44 /* AchievementController.swift */; };
		5F9B24142732B1820012D92D /* AchievementProgressView.xib in Resources */ = {isa = PBXBuildFile; fileRef = 5F9B24132732B1820012D92D /* AchievementProgressView.xib */; };
		5F9B24162732B3910012D92D /* AchievementProgressView.swift in Sources */ = {isa = PBXBuildFile; fileRef = 5F9B24152732B3900012D92D /* AchievementProgressView.swift */; };
		5FA84DFF27297DFE005C4D23 /* ProfileTitleView.swift in Sources */ = {isa = PBXBuildFile; fileRef = 5FA84DFE27297DFE005C4D23 /* ProfileTitleView.swift */; };
		5FA84E012729837A005C4D23 /* ProfileProgressView.swift in Sources */ = {isa = PBXBuildFile; fileRef = 5FA84E002729837A005C4D23 /* ProfileProgressView.swift */; };
		5FD052CD27074DD400F09B5A /* UIColor.swift in Sources */ = {isa = PBXBuildFile; fileRef = 5FD052CC27074DD400F09B5A /* UIColor.swift */; };
		5FF8B78227072E2600D7BE7D /* ProfileView.swift in Sources */ = {isa = PBXBuildFile; fileRef = 5FF8B78127072E2600D7BE7D /* ProfileView.swift */; };
		5FF8B7872707390700D7BE7D /* AchievementCell.swift in Sources */ = {isa = PBXBuildFile; fileRef = 5FF8B7862707390700D7BE7D /* AchievementCell.swift */; };
		5FFFB583272AEA0900C80C6F /* CircularProgressView.swift in Sources */ = {isa = PBXBuildFile; fileRef = 5FFFB582272AEA0900C80C6F /* CircularProgressView.swift */; };
		5FFFB585272AEA2500C80C6F /* CGFloat.swift in Sources */ = {isa = PBXBuildFile; fileRef = 5FFFB584272AEA2500C80C6F /* CGFloat.swift */; };
		5FFFB587272AEA4800C80C6F /* FloatingPoint.swift in Sources */ = {isa = PBXBuildFile; fileRef = 5FFFB586272AEA4800C80C6F /* FloatingPoint.swift */; };
		613C4C49270F2909005BF46E /* UIImage.swift in Sources */ = {isa = PBXBuildFile; fileRef = 613C4C48270F2909005BF46E /* UIImage.swift */; };
		615CEF0B27074F9E00DF0DED /* PlaceCollectionViewCell.swift in Sources */ = {isa = PBXBuildFile; fileRef = 615CEF0927074F9D00DF0DED /* PlaceCollectionViewCell.swift */; };
		615CEF0C27074F9E00DF0DED /* PlaceCollectionViewCell.xib in Resources */ = {isa = PBXBuildFile; fileRef = 615CEF0A27074F9E00DF0DED /* PlaceCollectionViewCell.xib */; };
		61D2C961270C888F00FA22FA /* Address.swift in Sources */ = {isa = PBXBuildFile; fileRef = 61D2C960270C888F00FA22FA /* Address.swift */; };
		61D2C964270C9BDA00FA22FA /* PlaceCellsState.swift in Sources */ = {isa = PBXBuildFile; fileRef = 61D2C963270C9BDA00FA22FA /* PlaceCellsState.swift */; };
		62037A9B2732BCF700CBEEAD /* PlaceService.swift in Sources */ = {isa = PBXBuildFile; fileRef = 62037A9A2732BCF700CBEEAD /* PlaceService.swift */; };
		623AADFC27297894002FFB06 /* campusGo.xcdatamodeld in Sources */ = {isa = PBXBuildFile; fileRef = 623AADFA27297894002FFB06 /* campusGo.xcdatamodeld */; };
		627B21DC2734100B0065608E /* Achievement+CoreDataClass.swift in Sources */ = {isa = PBXBuildFile; fileRef = 627B21D22734100B0065608E /* Achievement+CoreDataClass.swift */; };
		627B21DD2734100B0065608E /* Achievement+CoreDataProperties.swift in Sources */ = {isa = PBXBuildFile; fileRef = 627B21D32734100B0065608E /* Achievement+CoreDataProperties.swift */; };
		627B21DE2734100B0065608E /* User+CoreDataClass.swift in Sources */ = {isa = PBXBuildFile; fileRef = 627B21D42734100B0065608E /* User+CoreDataClass.swift */; };
		627B21DF2734100B0065608E /* User+CoreDataProperties.swift in Sources */ = {isa = PBXBuildFile; fileRef = 627B21D52734100B0065608E /* User+CoreDataProperties.swift */; };
		627B21E02734100B0065608E /* Place+CoreDataClass.swift in Sources */ = {isa = PBXBuildFile; fileRef = 627B21D62734100B0065608E /* Place+CoreDataClass.swift */; };
		627B21E12734100B0065608E /* Place+CoreDataProperties.swift in Sources */ = {isa = PBXBuildFile; fileRef = 627B21D72734100B0065608E /* Place+CoreDataProperties.swift */; };
		627B21E22734100B0065608E /* Patent+CoreDataClass.swift in Sources */ = {isa = PBXBuildFile; fileRef = 627B21D82734100B0065608E /* Patent+CoreDataClass.swift */; };
		627B21E32734100B0065608E /* Patent+CoreDataProperties.swift in Sources */ = {isa = PBXBuildFile; fileRef = 627B21D92734100B0065608E /* Patent+CoreDataProperties.swift */; };
		627B21E42734100B0065608E /* Visits+CoreDataClass.swift in Sources */ = {isa = PBXBuildFile; fileRef = 627B21DA2734100B0065608E /* Visits+CoreDataClass.swift */; };
		627B21E52734100B0065608E /* Visits+CoreDataProperties.swift in Sources */ = {isa = PBXBuildFile; fileRef = 627B21DB2734100B0065608E /* Visits+CoreDataProperties.swift */; };
		628EF86B270C82FD00353AA5 /* ResultsTableViewController.swift in Sources */ = {isa = PBXBuildFile; fileRef = 628EF86A270C82FD00353AA5 /* ResultsTableViewController.swift */; };
		629BD3AD270B2EC60068FF7A /* MapConstants.swift in Sources */ = {isa = PBXBuildFile; fileRef = 629BD3AC270B2EC60068FF7A /* MapConstants.swift */; };
		62C2DF14270493D4002118A0 /* AppDelegate.swift in Sources */ = {isa = PBXBuildFile; fileRef = 62C2DF13270493D4002118A0 /* AppDelegate.swift */; };
		62C2DF16270493D4002118A0 /* SceneDelegate.swift in Sources */ = {isa = PBXBuildFile; fileRef = 62C2DF15270493D4002118A0 /* SceneDelegate.swift */; };
		62C2DF1B270493D4002118A0 /* Main.storyboard in Resources */ = {isa = PBXBuildFile; fileRef = 62C2DF19270493D4002118A0 /* Main.storyboard */; };
		62C2DF20270493D6002118A0 /* Assets.xcassets in Resources */ = {isa = PBXBuildFile; fileRef = 62C2DF1F270493D6002118A0 /* Assets.xcassets */; };
		62C2DF23270493D6002118A0 /* LaunchScreen.storyboard in Resources */ = {isa = PBXBuildFile; fileRef = 62C2DF21270493D6002118A0 /* LaunchScreen.storyboard */; };
		62C2DF2E27049437002118A0 /* Map.storyboard in Resources */ = {isa = PBXBuildFile; fileRef = 62C2DF2D27049437002118A0 /* Map.storyboard */; };
		62C2DF3027049444002118A0 /* Profile.storyboard in Resources */ = {isa = PBXBuildFile; fileRef = 62C2DF2F27049444002118A0 /* Profile.storyboard */; };
		62C2DF3227049454002118A0 /* Places.storyboard in Resources */ = {isa = PBXBuildFile; fileRef = 62C2DF3127049454002118A0 /* Places.storyboard */; };
		62C2DF352704958C002118A0 /* MapViewController.swift in Sources */ = {isa = PBXBuildFile; fileRef = 62C2DF342704958C002118A0 /* MapViewController.swift */; };
		62C2DF3727049597002118A0 /* ProfileViewController.swift in Sources */ = {isa = PBXBuildFile; fileRef = 62C2DF3627049597002118A0 /* ProfileViewController.swift */; };
		62C2DF39270495A7002118A0 /* PlacesViewController.swift in Sources */ = {isa = PBXBuildFile; fileRef = 62C2DF38270495A7002118A0 /* PlacesViewController.swift */; };
		62C44E5127172778002F9E05 /* campus_go_tests.swift in Sources */ = {isa = PBXBuildFile; fileRef = 62C44E5027172778002F9E05 /* campus_go_tests.swift */; };
		FC58847C2730360100CF3EAB /* RecentAchievementCell.swift in Sources */ = {isa = PBXBuildFile; fileRef = FC58847B2730360100CF3EAB /* RecentAchievementCell.swift */; };
		FC58847E2730382700CF3EAB /* PlaceView.swift in Sources */ = {isa = PBXBuildFile; fileRef = FC58847D2730382700CF3EAB /* PlaceView.swift */; };
		FC89EC7B27296DD900BE724D /* PlaceViewController.swift in Sources */ = {isa = PBXBuildFile; fileRef = FC89EC7A27296DD900BE724D /* PlaceViewController.swift */; };
		FCAC4D0027284B3600F7F9D1 /* Place.storyboard in Resources */ = {isa = PBXBuildFile; fileRef = FCAC4CFF27284B3600F7F9D1 /* Place.storyboard */; };
/* End PBXBuildFile section */

/* Begin PBXContainerItemProxy section */
		62C44E5227172778002F9E05 /* PBXContainerItemProxy */ = {
			isa = PBXContainerItemProxy;
			containerPortal = 62C2DF08270493D4002118A0 /* Project object */;
			proxyType = 1;
			remoteGlobalIDString = 62C2DF0F270493D4002118A0;
			remoteInfo = "campus-go";
		};
/* End PBXContainerItemProxy section */

/* Begin PBXFileReference section */
		5F0F136A270C805600105B7D /* campus-go.entitlements */ = {isa = PBXFileReference; lastKnownFileType = text.plist.entitlements; path = "campus-go.entitlements"; sourceTree = "<group>"; };
		5F3CC06D270B272B00D33B44 /* AchievementList.storyboard */ = {isa = PBXFileReference; lastKnownFileType = file.storyboard; path = AchievementList.storyboard; sourceTree = "<group>"; };
		5F3CC070270B34FF00D33B44 /* AchievementListController.swift */ = {isa = PBXFileReference; lastKnownFileType = sourcecode.swift; path = AchievementListController.swift; sourceTree = "<group>"; };
		5F3CC072270B351600D33B44 /* AchievementListView.swift */ = {isa = PBXFileReference; lastKnownFileType = sourcecode.swift; path = AchievementListView.swift; sourceTree = "<group>"; };
		5F3CC076270B442600D33B44 /* Achievement.storyboard */ = {isa = PBXFileReference; lastKnownFileType = file.storyboard; path = Achievement.storyboard; sourceTree = "<group>"; };
		5F3CC078270B444000D33B44 /* AchievementView.swift */ = {isa = PBXFileReference; lastKnownFileType = sourcecode.swift; path = AchievementView.swift; sourceTree = "<group>"; };
		5F3CC07C270B46EF00D33B44 /* AchievementController.swift */ = {isa = PBXFileReference; lastKnownFileType = sourcecode.swift; path = AchievementController.swift; sourceTree = "<group>"; };
		5F9B24132732B1820012D92D /* AchievementProgressView.xib */ = {isa = PBXFileReference; lastKnownFileType = file.xib; path = AchievementProgressView.xib; sourceTree = "<group>"; };
		5F9B24152732B3900012D92D /* AchievementProgressView.swift */ = {isa = PBXFileReference; lastKnownFileType = sourcecode.swift; path = AchievementProgressView.swift; sourceTree = "<group>"; };
		5FA84DFE27297DFE005C4D23 /* ProfileTitleView.swift */ = {isa = PBXFileReference; lastKnownFileType = sourcecode.swift; path = ProfileTitleView.swift; sourceTree = "<group>"; };
		5FA84E002729837A005C4D23 /* ProfileProgressView.swift */ = {isa = PBXFileReference; lastKnownFileType = sourcecode.swift; path = ProfileProgressView.swift; sourceTree = "<group>"; };
		5FD052CC27074DD400F09B5A /* UIColor.swift */ = {isa = PBXFileReference; lastKnownFileType = sourcecode.swift; path = UIColor.swift; sourceTree = "<group>"; };
		5FF8B78127072E2600D7BE7D /* ProfileView.swift */ = {isa = PBXFileReference; lastKnownFileType = sourcecode.swift; path = ProfileView.swift; sourceTree = "<group>"; };
		5FF8B7862707390700D7BE7D /* AchievementCell.swift */ = {isa = PBXFileReference; lastKnownFileType = sourcecode.swift; path = AchievementCell.swift; sourceTree = "<group>"; };
		5FFFB582272AEA0900C80C6F /* CircularProgressView.swift */ = {isa = PBXFileReference; lastKnownFileType = sourcecode.swift; path = CircularProgressView.swift; sourceTree = "<group>"; };
		5FFFB584272AEA2500C80C6F /* CGFloat.swift */ = {isa = PBXFileReference; lastKnownFileType = sourcecode.swift; path = CGFloat.swift; sourceTree = "<group>"; };
		5FFFB586272AEA4800C80C6F /* FloatingPoint.swift */ = {isa = PBXFileReference; lastKnownFileType = sourcecode.swift; path = FloatingPoint.swift; sourceTree = "<group>"; };
		613C4C48270F2909005BF46E /* UIImage.swift */ = {isa = PBXFileReference; lastKnownFileType = sourcecode.swift; path = UIImage.swift; sourceTree = "<group>"; };
		615CEF0927074F9D00DF0DED /* PlaceCollectionViewCell.swift */ = {isa = PBXFileReference; lastKnownFileType = sourcecode.swift; path = PlaceCollectionViewCell.swift; sourceTree = "<group>"; };
		615CEF0A27074F9E00DF0DED /* PlaceCollectionViewCell.xib */ = {isa = PBXFileReference; lastKnownFileType = file.xib; path = PlaceCollectionViewCell.xib; sourceTree = "<group>"; };
		61D2C960270C888F00FA22FA /* Address.swift */ = {isa = PBXFileReference; lastKnownFileType = sourcecode.swift; path = Address.swift; sourceTree = "<group>"; };
		61D2C963270C9BDA00FA22FA /* PlaceCellsState.swift */ = {isa = PBXFileReference; lastKnownFileType = sourcecode.swift; path = PlaceCellsState.swift; sourceTree = "<group>"; };
		62037A9A2732BCF700CBEEAD /* PlaceService.swift */ = {isa = PBXFileReference; lastKnownFileType = sourcecode.swift; path = PlaceService.swift; sourceTree = "<group>"; };
		623AADFB27297894002FFB06 /* campusGo.xcdatamodel */ = {isa = PBXFileReference; lastKnownFileType = wrapper.xcdatamodel; path = campusGo.xcdatamodel; sourceTree = "<group>"; };
		627B21D22734100B0065608E /* Achievement+CoreDataClass.swift */ = {isa = PBXFileReference; lastKnownFileType = sourcecode.swift; path = "Achievement+CoreDataClass.swift"; sourceTree = "<group>"; };
		627B21D32734100B0065608E /* Achievement+CoreDataProperties.swift */ = {isa = PBXFileReference; lastKnownFileType = sourcecode.swift; path = "Achievement+CoreDataProperties.swift"; sourceTree = "<group>"; };
		627B21D42734100B0065608E /* User+CoreDataClass.swift */ = {isa = PBXFileReference; lastKnownFileType = sourcecode.swift; path = "User+CoreDataClass.swift"; sourceTree = "<group>"; };
		627B21D52734100B0065608E /* User+CoreDataProperties.swift */ = {isa = PBXFileReference; lastKnownFileType = sourcecode.swift; path = "User+CoreDataProperties.swift"; sourceTree = "<group>"; };
		627B21D62734100B0065608E /* Place+CoreDataClass.swift */ = {isa = PBXFileReference; lastKnownFileType = sourcecode.swift; path = "Place+CoreDataClass.swift"; sourceTree = "<group>"; };
		627B21D72734100B0065608E /* Place+CoreDataProperties.swift */ = {isa = PBXFileReference; lastKnownFileType = sourcecode.swift; path = "Place+CoreDataProperties.swift"; sourceTree = "<group>"; };
		627B21D82734100B0065608E /* Patent+CoreDataClass.swift */ = {isa = PBXFileReference; lastKnownFileType = sourcecode.swift; path = "Patent+CoreDataClass.swift"; sourceTree = "<group>"; };
		627B21D92734100B0065608E /* Patent+CoreDataProperties.swift */ = {isa = PBXFileReference; lastKnownFileType = sourcecode.swift; path = "Patent+CoreDataProperties.swift"; sourceTree = "<group>"; };
		627B21DA2734100B0065608E /* Visits+CoreDataClass.swift */ = {isa = PBXFileReference; lastKnownFileType = sourcecode.swift; path = "Visits+CoreDataClass.swift"; sourceTree = "<group>"; };
		627B21DB2734100B0065608E /* Visits+CoreDataProperties.swift */ = {isa = PBXFileReference; lastKnownFileType = sourcecode.swift; path = "Visits+CoreDataProperties.swift"; sourceTree = "<group>"; };
		628EF86A270C82FD00353AA5 /* ResultsTableViewController.swift */ = {isa = PBXFileReference; lastKnownFileType = sourcecode.swift; path = ResultsTableViewController.swift; sourceTree = "<group>"; };
		629BD3AC270B2EC60068FF7A /* MapConstants.swift */ = {isa = PBXFileReference; lastKnownFileType = sourcecode.swift; path = MapConstants.swift; sourceTree = "<group>"; };
		62C2DF10270493D4002118A0 /* campus-go.app */ = {isa = PBXFileReference; explicitFileType = wrapper.application; includeInIndex = 0; path = "campus-go.app"; sourceTree = BUILT_PRODUCTS_DIR; };
		62C2DF13270493D4002118A0 /* AppDelegate.swift */ = {isa = PBXFileReference; lastKnownFileType = sourcecode.swift; path = AppDelegate.swift; sourceTree = "<group>"; };
		62C2DF15270493D4002118A0 /* SceneDelegate.swift */ = {isa = PBXFileReference; lastKnownFileType = sourcecode.swift; path = SceneDelegate.swift; sourceTree = "<group>"; };
		62C2DF1A270493D4002118A0 /* Base */ = {isa = PBXFileReference; lastKnownFileType = file.storyboard; name = Base; path = Base.lproj/Main.storyboard; sourceTree = "<group>"; };
		62C2DF1F270493D6002118A0 /* Assets.xcassets */ = {isa = PBXFileReference; lastKnownFileType = folder.assetcatalog; path = Assets.xcassets; sourceTree = "<group>"; };
		62C2DF22270493D6002118A0 /* Base */ = {isa = PBXFileReference; lastKnownFileType = file.storyboard; name = Base; path = Base.lproj/LaunchScreen.storyboard; sourceTree = "<group>"; };
		62C2DF24270493D6002118A0 /* Info.plist */ = {isa = PBXFileReference; lastKnownFileType = text.plist.xml; path = Info.plist; sourceTree = "<group>"; };
		62C2DF2D27049437002118A0 /* Map.storyboard */ = {isa = PBXFileReference; lastKnownFileType = file.storyboard; path = Map.storyboard; sourceTree = "<group>"; };
		62C2DF2F27049444002118A0 /* Profile.storyboard */ = {isa = PBXFileReference; lastKnownFileType = file.storyboard; path = Profile.storyboard; sourceTree = "<group>"; };
		62C2DF3127049454002118A0 /* Places.storyboard */ = {isa = PBXFileReference; lastKnownFileType = file.storyboard; path = Places.storyboard; sourceTree = "<group>"; };
		62C2DF342704958C002118A0 /* MapViewController.swift */ = {isa = PBXFileReference; lastKnownFileType = sourcecode.swift; path = MapViewController.swift; sourceTree = "<group>"; };
		62C2DF3627049597002118A0 /* ProfileViewController.swift */ = {isa = PBXFileReference; lastKnownFileType = sourcecode.swift; path = ProfileViewController.swift; sourceTree = "<group>"; };
		62C2DF38270495A7002118A0 /* PlacesViewController.swift */ = {isa = PBXFileReference; lastKnownFileType = sourcecode.swift; path = PlacesViewController.swift; sourceTree = "<group>"; };
		62C44E4E27172778002F9E05 /* campus-go-tests.xctest */ = {isa = PBXFileReference; explicitFileType = wrapper.cfbundle; includeInIndex = 0; path = "campus-go-tests.xctest"; sourceTree = BUILT_PRODUCTS_DIR; };
		62C44E5027172778002F9E05 /* campus_go_tests.swift */ = {isa = PBXFileReference; lastKnownFileType = sourcecode.swift; path = campus_go_tests.swift; sourceTree = "<group>"; };
		FC58847B2730360100CF3EAB /* RecentAchievementCell.swift */ = {isa = PBXFileReference; lastKnownFileType = sourcecode.swift; path = RecentAchievementCell.swift; sourceTree = "<group>"; };
		FC58847D2730382700CF3EAB /* PlaceView.swift */ = {isa = PBXFileReference; lastKnownFileType = sourcecode.swift; path = PlaceView.swift; sourceTree = "<group>"; };
		FC89EC7A27296DD900BE724D /* PlaceViewController.swift */ = {isa = PBXFileReference; lastKnownFileType = sourcecode.swift; path = PlaceViewController.swift; sourceTree = "<group>"; };
		FCAC4CFF27284B3600F7F9D1 /* Place.storyboard */ = {isa = PBXFileReference; lastKnownFileType = file.storyboard; path = Place.storyboard; sourceTree = "<group>"; };
/* End PBXFileReference section */

/* Begin PBXFrameworksBuildPhase section */
		62C2DF0D270493D4002118A0 /* Frameworks */ = {
			isa = PBXFrameworksBuildPhase;
			buildActionMask = 2147483647;
			files = (
			);
			runOnlyForDeploymentPostprocessing = 0;
		};
		62C44E4B27172778002F9E05 /* Frameworks */ = {
			isa = PBXFrameworksBuildPhase;
			buildActionMask = 2147483647;
			files = (
			);
			runOnlyForDeploymentPostprocessing = 0;
		};
/* End PBXFrameworksBuildPhase section */

/* Begin PBXGroup section */
		5F3CC06C270B270700D33B44 /* Achievement */ = {
			isa = PBXGroup;
			children = (
				5F3CC06D270B272B00D33B44 /* AchievementList.storyboard */,
				5F3CC072270B351600D33B44 /* AchievementListView.swift */,
				5F3CC076270B442600D33B44 /* Achievement.storyboard */,
				5F3CC078270B444000D33B44 /* AchievementView.swift */,
			);
			path = Achievement;
			sourceTree = "<group>";
		};
		5F3CC06F270B34EC00D33B44 /* Achievement */ = {
			isa = PBXGroup;
			children = (
				5F3CC070270B34FF00D33B44 /* AchievementListController.swift */,
				5F3CC07C270B46EF00D33B44 /* AchievementController.swift */,
			);
			path = Achievement;
			sourceTree = "<group>";
		};
		5F9B24122732B1560012D92D /* Components */ = {
			isa = PBXGroup;
			children = (
				5F9B24132732B1820012D92D /* AchievementProgressView.xib */,
				5F9B24152732B3900012D92D /* AchievementProgressView.swift */,
			);
			path = Components;
			sourceTree = "<group>";
		};
		5FD052CB27074DC300F09B5A /* Extensions */ = {
			isa = PBXGroup;
			children = (
				5FD052CC27074DD400F09B5A /* UIColor.swift */,
				613C4C48270F2909005BF46E /* UIImage.swift */,
				5FFFB584272AEA2500C80C6F /* CGFloat.swift */,
				5FFFB586272AEA4800C80C6F /* FloatingPoint.swift */,
			);
			path = Extensions;
			sourceTree = "<group>";
		};
		5FF8B7852707380500D7BE7D /* Components */ = {
			isa = PBXGroup;
			children = (
				5FF8B7862707390700D7BE7D /* AchievementCell.swift */,
				5FA84DFE27297DFE005C4D23 /* ProfileTitleView.swift */,
				5FA84E002729837A005C4D23 /* ProfileProgressView.swift */,
				5FFFB582272AEA0900C80C6F /* CircularProgressView.swift */,
			);
			path = Components;
			sourceTree = "<group>";
		};
		61D2C962270C9BAE00FA22FA /* Places */ = {
			isa = PBXGroup;
			children = (
				61D2C960270C888F00FA22FA /* Address.swift */,
				61D2C963270C9BDA00FA22FA /* PlaceCellsState.swift */,
			);
			path = Places;
			sourceTree = "<group>";
		};
		62037A992732B9A000CBEEAD /* CoreDataServices */ = {
			isa = PBXGroup;
			children = (
				62037A9A2732BCF700CBEEAD /* PlaceService.swift */,
			);
			path = CoreDataServices;
			sourceTree = "<group>";
		};
		623AAE48272ACA63002FFB06 /* CoreDataModels */ = {
			isa = PBXGroup;
			children = (
				627B21D22734100B0065608E /* Achievement+CoreDataClass.swift */,
				627B21D32734100B0065608E /* Achievement+CoreDataProperties.swift */,
				627B21D42734100B0065608E /* User+CoreDataClass.swift */,
				627B21D52734100B0065608E /* User+CoreDataProperties.swift */,
				627B21D62734100B0065608E /* Place+CoreDataClass.swift */,
				627B21D72734100B0065608E /* Place+CoreDataProperties.swift */,
				627B21D82734100B0065608E /* Patent+CoreDataClass.swift */,
				627B21D92734100B0065608E /* Patent+CoreDataProperties.swift */,
				627B21DA2734100B0065608E /* Visits+CoreDataClass.swift */,
				627B21DB2734100B0065608E /* Visits+CoreDataProperties.swift */,
			);
			path = CoreDataModels;
			sourceTree = "<group>";
		};
		623AAE6F272AD54E002FFB06 /* Achievement */ = {
			isa = PBXGroup;
			children = (
			);
			path = Achievement;
			sourceTree = "<group>";
		};
		62C2DF07270493D4002118A0 = {
			isa = PBXGroup;
			children = (
				62C2DF12270493D4002118A0 /* campus-go */,
				62C44E4F27172778002F9E05 /* campus-go-tests */,
				62C2DF11270493D4002118A0 /* Products */,
			);
			sourceTree = "<group>";
		};
		62C2DF11270493D4002118A0 /* Products */ = {
			isa = PBXGroup;
			children = (
				62C2DF10270493D4002118A0 /* campus-go.app */,
				62C44E4E27172778002F9E05 /* campus-go-tests.xctest */,
			);
			name = Products;
			sourceTree = "<group>";
		};
		62C2DF12270493D4002118A0 /* campus-go */ = {
			isa = PBXGroup;
			children = (
				62037A992732B9A000CBEEAD /* CoreDataServices */,
				623AAE48272ACA63002FFB06 /* CoreDataModels */,
				5F0F136A270C805600105B7D /* campus-go.entitlements */,
				5FD052CB27074DC300F09B5A /* Extensions */,
				62C2DF13270493D4002118A0 /* AppDelegate.swift */,
				62C2DF15270493D4002118A0 /* SceneDelegate.swift */,
				62C2DF2B270493EE002118A0 /* Models */,
				62C2DF2A270493E7002118A0 /* Views */,
				62C2DF2C2704940C002118A0 /* Controllers */,
				62C2DF21270493D6002118A0 /* LaunchScreen.storyboard */,
				62C2DF24270493D6002118A0 /* Info.plist */,
				62C2DF1F270493D6002118A0 /* Assets.xcassets */,
				623AADFA27297894002FFB06 /* campusGo.xcdatamodeld */,
			);
			path = "campus-go";
			sourceTree = "<group>";
		};
		62C2DF2A270493E7002118A0 /* Views */ = {
			isa = PBXGroup;
			children = (
				5F9B24122732B1560012D92D /* Components */,
				5F3CC06C270B270700D33B44 /* Achievement */,
				62C2DF422704962A002118A0 /* Places */,
				62C2DF4127049623002118A0 /* Profile */,
				62C2DF402704961C002118A0 /* Map */,
				62C2DF19270493D4002118A0 /* Main.storyboard */,
			);
			path = Views;
			sourceTree = "<group>";
		};
		62C2DF2B270493EE002118A0 /* Models */ = {
			isa = PBXGroup;
			children = (
				61D2C962270C9BAE00FA22FA /* Places */,
				623AAE6F272AD54E002FFB06 /* Achievement */,
				62C2DF3E270495FB002118A0 /* Profile */,
				62C2DF3D270495F7002118A0 /* Map */,
			);
			path = Models;
			sourceTree = "<group>";
		};
		62C2DF2C2704940C002118A0 /* Controllers */ = {
			isa = PBXGroup;
			children = (
				5F3CC06F270B34EC00D33B44 /* Achievement */,
				62C2DF3C270495E0002118A0 /* Places */,
				62C2DF3B270495D5002118A0 /* Profile */,
				62C2DF3A270495D0002118A0 /* Map */,
			);
			path = Controllers;
			sourceTree = "<group>";
		};
		62C2DF3327049457002118A0 /* Components */ = {
			isa = PBXGroup;
			children = (
			);
			path = Components;
			sourceTree = "<group>";
		};
		62C2DF3A270495D0002118A0 /* Map */ = {
			isa = PBXGroup;
			children = (
				62C2DF342704958C002118A0 /* MapViewController.swift */,
				628EF86A270C82FD00353AA5 /* ResultsTableViewController.swift */,
			);
			path = Map;
			sourceTree = "<group>";
		};
		62C2DF3B270495D5002118A0 /* Profile */ = {
			isa = PBXGroup;
			children = (
				62C2DF3627049597002118A0 /* ProfileViewController.swift */,
			);
			path = Profile;
			sourceTree = "<group>";
		};
		62C2DF3C270495E0002118A0 /* Places */ = {
			isa = PBXGroup;
			children = (
				62C2DF38270495A7002118A0 /* PlacesViewController.swift */,
				615CEF0927074F9D00DF0DED /* PlaceCollectionViewCell.swift */,
				FC89EC7A27296DD900BE724D /* PlaceViewController.swift */,
			);
			path = Places;
			sourceTree = "<group>";
		};
		62C2DF3D270495F7002118A0 /* Map */ = {
			isa = PBXGroup;
			children = (
				629BD3AC270B2EC60068FF7A /* MapConstants.swift */,
			);
			path = Map;
			sourceTree = "<group>";
		};
		62C2DF3E270495FB002118A0 /* Profile */ = {
			isa = PBXGroup;
			children = (
			);
			path = Profile;
			sourceTree = "<group>";
		};
		62C2DF402704961C002118A0 /* Map */ = {
			isa = PBXGroup;
			children = (
				62C2DF2D27049437002118A0 /* Map.storyboard */,
				62C2DF3327049457002118A0 /* Components */,
			);
			path = Map;
			sourceTree = "<group>";
		};
		62C2DF4127049623002118A0 /* Profile */ = {
			isa = PBXGroup;
			children = (
				5FF8B7852707380500D7BE7D /* Components */,
				62C2DF2F27049444002118A0 /* Profile.storyboard */,
				5FF8B78127072E2600D7BE7D /* ProfileView.swift */,
			);
			path = Profile;
			sourceTree = "<group>";
		};
		62C2DF422704962A002118A0 /* Places */ = {
			isa = PBXGroup;
			children = (
				62C2DF3127049454002118A0 /* Places.storyboard */,
				62C2DF442704963A002118A0 /* Components */,
				FCAC4CFF27284B3600F7F9D1 /* Place.storyboard */,
				FC58847D2730382700CF3EAB /* PlaceView.swift */,
			);
			path = Places;
			sourceTree = "<group>";
		};
		62C2DF442704963A002118A0 /* Components */ = {
			isa = PBXGroup;
			children = (
				615CEF0A27074F9E00DF0DED /* PlaceCollectionViewCell.xib */,
				FC58847B2730360100CF3EAB /* RecentAchievementCell.swift */,
			);
			path = Components;
			sourceTree = "<group>";
		};
		62C44E4F27172778002F9E05 /* campus-go-tests */ = {
			isa = PBXGroup;
			children = (
				62C44E5027172778002F9E05 /* campus_go_tests.swift */,
			);
			path = "campus-go-tests";
			sourceTree = "<group>";
		};
/* End PBXGroup section */

/* Begin PBXNativeTarget section */
		62C2DF0F270493D4002118A0 /* campus-go */ = {
			isa = PBXNativeTarget;
			buildConfigurationList = 62C2DF27270493D6002118A0 /* Build configuration list for PBXNativeTarget "campus-go" */;
			buildPhases = (
				62C2DF0C270493D4002118A0 /* Sources */,
				62C2DF0D270493D4002118A0 /* Frameworks */,
				62C2DF0E270493D4002118A0 /* Resources */,
			);
			buildRules = (
			);
			dependencies = (
			);
			name = "campus-go";
			productName = "campus-go";
			productReference = 62C2DF10270493D4002118A0 /* campus-go.app */;
			productType = "com.apple.product-type.application";
		};
		62C44E4D27172778002F9E05 /* campus-go-tests */ = {
			isa = PBXNativeTarget;
			buildConfigurationList = 62C44E5627172778002F9E05 /* Build configuration list for PBXNativeTarget "campus-go-tests" */;
			buildPhases = (
				62C44E4A27172778002F9E05 /* Sources */,
				62C44E4B27172778002F9E05 /* Frameworks */,
				62C44E4C27172778002F9E05 /* Resources */,
			);
			buildRules = (
			);
			dependencies = (
				62C44E5327172778002F9E05 /* PBXTargetDependency */,
			);
			name = "campus-go-tests";
			productName = "campus-go-tests";
			productReference = 62C44E4E27172778002F9E05 /* campus-go-tests.xctest */;
			productType = "com.apple.product-type.bundle.unit-test";
		};
/* End PBXNativeTarget section */

/* Begin PBXProject section */
		62C2DF08270493D4002118A0 /* Project object */ = {
			isa = PBXProject;
			attributes = {
				BuildIndependentTargetsInParallel = 1;
				LastSwiftUpdateCheck = 1300;
				LastUpgradeCheck = 1300;
				TargetAttributes = {
					62C2DF0F270493D4002118A0 = {
						CreatedOnToolsVersion = 13.0;
					};
					62C44E4D27172778002F9E05 = {
						CreatedOnToolsVersion = 13.0;
						TestTargetID = 62C2DF0F270493D4002118A0;
					};
				};
			};
			buildConfigurationList = 62C2DF0B270493D4002118A0 /* Build configuration list for PBXProject "campus-go" */;
			compatibilityVersion = "Xcode 13.0";
			developmentRegion = en;
			hasScannedForEncodings = 0;
			knownRegions = (
				en,
				Base,
			);
			mainGroup = 62C2DF07270493D4002118A0;
			productRefGroup = 62C2DF11270493D4002118A0 /* Products */;
			projectDirPath = "";
			projectRoot = "";
			targets = (
				62C2DF0F270493D4002118A0 /* campus-go */,
				62C44E4D27172778002F9E05 /* campus-go-tests */,
			);
		};
/* End PBXProject section */

/* Begin PBXResourcesBuildPhase section */
		62C2DF0E270493D4002118A0 /* Resources */ = {
			isa = PBXResourcesBuildPhase;
			buildActionMask = 2147483647;
			files = (
				FCAC4D0027284B3600F7F9D1 /* Place.storyboard in Resources */,
				62C2DF23270493D6002118A0 /* LaunchScreen.storyboard in Resources */,
				62C2DF20270493D6002118A0 /* Assets.xcassets in Resources */,
				62C2DF3027049444002118A0 /* Profile.storyboard in Resources */,
				5F9B24142732B1820012D92D /* AchievementProgressView.xib in Resources */,
				62C2DF1B270493D4002118A0 /* Main.storyboard in Resources */,
				62C2DF3227049454002118A0 /* Places.storyboard in Resources */,
				5F3CC06E270B272B00D33B44 /* AchievementList.storyboard in Resources */,
				5F3CC077270B442600D33B44 /* Achievement.storyboard in Resources */,
				62C2DF2E27049437002118A0 /* Map.storyboard in Resources */,
				615CEF0C27074F9E00DF0DED /* PlaceCollectionViewCell.xib in Resources */,
			);
			runOnlyForDeploymentPostprocessing = 0;
		};
		62C44E4C27172778002F9E05 /* Resources */ = {
			isa = PBXResourcesBuildPhase;
			buildActionMask = 2147483647;
			files = (
			);
			runOnlyForDeploymentPostprocessing = 0;
		};
/* End PBXResourcesBuildPhase section */

/* Begin PBXSourcesBuildPhase section */
		62C2DF0C270493D4002118A0 /* Sources */ = {
			isa = PBXSourcesBuildPhase;
			buildActionMask = 2147483647;
			files = (
				615CEF0B27074F9E00DF0DED /* PlaceCollectionViewCell.swift in Sources */,
				627B21DC2734100B0065608E /* Achievement+CoreDataClass.swift in Sources */,
				628EF86B270C82FD00353AA5 /* ResultsTableViewController.swift in Sources */,
				627B21E32734100B0065608E /* Patent+CoreDataProperties.swift in Sources */,
				623AAE5E272AD439002FFB06 /* Coordinate+CoreDataProperties.swift in Sources */,
				5F9B24162732B3910012D92D /* AchievementProgressView.swift in Sources */,
				623AAE60272AD439002FFB06 /* Achievement+CoreDataProperties.swift in Sources */,
				62037AB02732BE1700CBEEAD /* Place+CoreDataClass.swift in Sources */,
				62037ABA2732BE1700CBEEAD /* Visits+CoreDataClass.swift in Sources */,
				5F3CC073270B351600D33B44 /* AchievementListView.swift in Sources */,
				5FA84DFF27297DFE005C4D23 /* ProfileTitleView.swift in Sources */,
				62C2DF39270495A7002118A0 /* PlacesViewController.swift in Sources */,
				623AADFC27297894002FFB06 /* campusGo.xcdatamodeld in Sources */,
				627B21DD2734100B0065608E /* Achievement+CoreDataProperties.swift in Sources */,
				627B21DF2734100B0065608E /* User+CoreDataProperties.swift in Sources */,
				627B21DE2734100B0065608E /* User+CoreDataClass.swift in Sources */,
				61D2C961270C888F00FA22FA /* Address.swift in Sources */,
				627B21E22734100B0065608E /* Patent+CoreDataClass.swift in Sources */,
				61D2C964270C9BDA00FA22FA /* PlaceCellsState.swift in Sources */,
				5FF8B7872707390700D7BE7D /* AchievementCell.swift in Sources */,
				62C2DF1E270493D4002118A0 /* campus_go.xcdatamodeld in Sources */,
				FC58847E2730382700CF3EAB /* PlaceView.swift in Sources */,
				FC89EC7B27296DD900BE724D /* PlaceViewController.swift in Sources */,
				5F3CC071270B34FF00D33B44 /* AchievementListController.swift in Sources */,
				627B21E02734100B0065608E /* Place+CoreDataClass.swift in Sources */,
				5FFFB583272AEA0900C80C6F /* CircularProgressView.swift in Sources */,
				5F3CC07D270B46EF00D33B44 /* AchievementController.swift in Sources */,
				5FFFB587272AEA4800C80C6F /* FloatingPoint.swift in Sources */,
				5FA84E012729837A005C4D23 /* ProfileProgressView.swift in Sources */,
				5FFFB585272AEA2500C80C6F /* CGFloat.swift in Sources */,
				5F3CC079270B444000D33B44 /* AchievementView.swift in Sources */,
				62C2DF14270493D4002118A0 /* AppDelegate.swift in Sources */,
				5FD052CD27074DD400F09B5A /* UIColor.swift in Sources */,
				62C2DF3727049597002118A0 /* ProfileViewController.swift in Sources */,
				62C2DF16270493D4002118A0 /* SceneDelegate.swift in Sources */,
				627B21E12734100B0065608E /* Place+CoreDataProperties.swift in Sources */,
				5FF8B78227072E2600D7BE7D /* ProfileView.swift in Sources */,
				62037A9B2732BCF700CBEEAD /* PlaceService.swift in Sources */,
				613C4C49270F2909005BF46E /* UIImage.swift in Sources */,
				62C2DF352704958C002118A0 /* MapViewController.swift in Sources */,
				627B21E42734100B0065608E /* Visits+CoreDataClass.swift in Sources */,
				FC58847C2730360100CF3EAB /* RecentAchievementCell.swift in Sources */,
				629BD3AD270B2EC60068FF7A /* MapConstants.swift in Sources */,
				627B21E52734100B0065608E /* Visits+CoreDataProperties.swift in Sources */,
			);
			runOnlyForDeploymentPostprocessing = 0;
		};
		62C44E4A27172778002F9E05 /* Sources */ = {
			isa = PBXSourcesBuildPhase;
			buildActionMask = 2147483647;
			files = (
				62C44E5127172778002F9E05 /* campus_go_tests.swift in Sources */,
			);
			runOnlyForDeploymentPostprocessing = 0;
		};
/* End PBXSourcesBuildPhase section */

/* Begin PBXTargetDependency section */
		62C44E5327172778002F9E05 /* PBXTargetDependency */ = {
			isa = PBXTargetDependency;
			target = 62C2DF0F270493D4002118A0 /* campus-go */;
			targetProxy = 62C44E5227172778002F9E05 /* PBXContainerItemProxy */;
		};
/* End PBXTargetDependency section */

/* Begin PBXVariantGroup section */
		62C2DF19270493D4002118A0 /* Main.storyboard */ = {
			isa = PBXVariantGroup;
			children = (
				62C2DF1A270493D4002118A0 /* Base */,
			);
			name = Main.storyboard;
			sourceTree = "<group>";
		};
		62C2DF21270493D6002118A0 /* LaunchScreen.storyboard */ = {
			isa = PBXVariantGroup;
			children = (
				62C2DF22270493D6002118A0 /* Base */,
			);
			name = LaunchScreen.storyboard;
			sourceTree = "<group>";
		};
/* End PBXVariantGroup section */

/* Begin XCBuildConfiguration section */
		62C2DF25270493D6002118A0 /* Debug */ = {
			isa = XCBuildConfiguration;
			buildSettings = {
				ALWAYS_SEARCH_USER_PATHS = NO;
				CLANG_ANALYZER_NONNULL = YES;
				CLANG_ANALYZER_NUMBER_OBJECT_CONVERSION = YES_AGGRESSIVE;
				CLANG_CXX_LANGUAGE_STANDARD = "gnu++17";
				CLANG_CXX_LIBRARY = "libc++";
				CLANG_ENABLE_MODULES = YES;
				CLANG_ENABLE_OBJC_ARC = YES;
				CLANG_ENABLE_OBJC_WEAK = YES;
				CLANG_WARN_BLOCK_CAPTURE_AUTORELEASING = YES;
				CLANG_WARN_BOOL_CONVERSION = YES;
				CLANG_WARN_COMMA = YES;
				CLANG_WARN_CONSTANT_CONVERSION = YES;
				CLANG_WARN_DEPRECATED_OBJC_IMPLEMENTATIONS = YES;
				CLANG_WARN_DIRECT_OBJC_ISA_USAGE = YES_ERROR;
				CLANG_WARN_DOCUMENTATION_COMMENTS = YES;
				CLANG_WARN_EMPTY_BODY = YES;
				CLANG_WARN_ENUM_CONVERSION = YES;
				CLANG_WARN_INFINITE_RECURSION = YES;
				CLANG_WARN_INT_CONVERSION = YES;
				CLANG_WARN_NON_LITERAL_NULL_CONVERSION = YES;
				CLANG_WARN_OBJC_IMPLICIT_RETAIN_SELF = YES;
				CLANG_WARN_OBJC_LITERAL_CONVERSION = YES;
				CLANG_WARN_OBJC_ROOT_CLASS = YES_ERROR;
				CLANG_WARN_QUOTED_INCLUDE_IN_FRAMEWORK_HEADER = YES;
				CLANG_WARN_RANGE_LOOP_ANALYSIS = YES;
				CLANG_WARN_STRICT_PROTOTYPES = YES;
				CLANG_WARN_SUSPICIOUS_MOVE = YES;
				CLANG_WARN_UNGUARDED_AVAILABILITY = YES_AGGRESSIVE;
				CLANG_WARN_UNREACHABLE_CODE = YES;
				CLANG_WARN__DUPLICATE_METHOD_MATCH = YES;
				COPY_PHASE_STRIP = NO;
				DEBUG_INFORMATION_FORMAT = dwarf;
				ENABLE_STRICT_OBJC_MSGSEND = YES;
				ENABLE_TESTABILITY = YES;
				GCC_C_LANGUAGE_STANDARD = gnu11;
				GCC_DYNAMIC_NO_PIC = NO;
				GCC_NO_COMMON_BLOCKS = YES;
				GCC_OPTIMIZATION_LEVEL = 0;
				GCC_PREPROCESSOR_DEFINITIONS = (
					"DEBUG=1",
					"$(inherited)",
				);
				GCC_WARN_64_TO_32_BIT_CONVERSION = YES;
				GCC_WARN_ABOUT_RETURN_TYPE = YES_ERROR;
				GCC_WARN_UNDECLARED_SELECTOR = YES;
				GCC_WARN_UNINITIALIZED_AUTOS = YES_AGGRESSIVE;
				GCC_WARN_UNUSED_FUNCTION = YES;
				GCC_WARN_UNUSED_VARIABLE = YES;
				IPHONEOS_DEPLOYMENT_TARGET = 15.0;
				MTL_ENABLE_DEBUG_INFO = INCLUDE_SOURCE;
				MTL_FAST_MATH = YES;
				ONLY_ACTIVE_ARCH = YES;
				SDKROOT = iphoneos;
				SWIFT_ACTIVE_COMPILATION_CONDITIONS = DEBUG;
				SWIFT_OPTIMIZATION_LEVEL = "-Onone";
			};
			name = Debug;
		};
		62C2DF26270493D6002118A0 /* Release */ = {
			isa = XCBuildConfiguration;
			buildSettings = {
				ALWAYS_SEARCH_USER_PATHS = NO;
				CLANG_ANALYZER_NONNULL = YES;
				CLANG_ANALYZER_NUMBER_OBJECT_CONVERSION = YES_AGGRESSIVE;
				CLANG_CXX_LANGUAGE_STANDARD = "gnu++17";
				CLANG_CXX_LIBRARY = "libc++";
				CLANG_ENABLE_MODULES = YES;
				CLANG_ENABLE_OBJC_ARC = YES;
				CLANG_ENABLE_OBJC_WEAK = YES;
				CLANG_WARN_BLOCK_CAPTURE_AUTORELEASING = YES;
				CLANG_WARN_BOOL_CONVERSION = YES;
				CLANG_WARN_COMMA = YES;
				CLANG_WARN_CONSTANT_CONVERSION = YES;
				CLANG_WARN_DEPRECATED_OBJC_IMPLEMENTATIONS = YES;
				CLANG_WARN_DIRECT_OBJC_ISA_USAGE = YES_ERROR;
				CLANG_WARN_DOCUMENTATION_COMMENTS = YES;
				CLANG_WARN_EMPTY_BODY = YES;
				CLANG_WARN_ENUM_CONVERSION = YES;
				CLANG_WARN_INFINITE_RECURSION = YES;
				CLANG_WARN_INT_CONVERSION = YES;
				CLANG_WARN_NON_LITERAL_NULL_CONVERSION = YES;
				CLANG_WARN_OBJC_IMPLICIT_RETAIN_SELF = YES;
				CLANG_WARN_OBJC_LITERAL_CONVERSION = YES;
				CLANG_WARN_OBJC_ROOT_CLASS = YES_ERROR;
				CLANG_WARN_QUOTED_INCLUDE_IN_FRAMEWORK_HEADER = YES;
				CLANG_WARN_RANGE_LOOP_ANALYSIS = YES;
				CLANG_WARN_STRICT_PROTOTYPES = YES;
				CLANG_WARN_SUSPICIOUS_MOVE = YES;
				CLANG_WARN_UNGUARDED_AVAILABILITY = YES_AGGRESSIVE;
				CLANG_WARN_UNREACHABLE_CODE = YES;
				CLANG_WARN__DUPLICATE_METHOD_MATCH = YES;
				COPY_PHASE_STRIP = NO;
				DEBUG_INFORMATION_FORMAT = "dwarf-with-dsym";
				ENABLE_NS_ASSERTIONS = NO;
				ENABLE_STRICT_OBJC_MSGSEND = YES;
				GCC_C_LANGUAGE_STANDARD = gnu11;
				GCC_NO_COMMON_BLOCKS = YES;
				GCC_WARN_64_TO_32_BIT_CONVERSION = YES;
				GCC_WARN_ABOUT_RETURN_TYPE = YES_ERROR;
				GCC_WARN_UNDECLARED_SELECTOR = YES;
				GCC_WARN_UNINITIALIZED_AUTOS = YES_AGGRESSIVE;
				GCC_WARN_UNUSED_FUNCTION = YES;
				GCC_WARN_UNUSED_VARIABLE = YES;
				IPHONEOS_DEPLOYMENT_TARGET = 15.0;
				MTL_ENABLE_DEBUG_INFO = NO;
				MTL_FAST_MATH = YES;
				SDKROOT = iphoneos;
				SWIFT_COMPILATION_MODE = wholemodule;
				SWIFT_OPTIMIZATION_LEVEL = "-O";
				VALIDATE_PRODUCT = YES;
			};
			name = Release;
		};
		62C2DF28270493D6002118A0 /* Debug */ = {
			isa = XCBuildConfiguration;
			buildSettings = {
				ASSETCATALOG_COMPILER_APPICON_NAME = AppIcon;
				ASSETCATALOG_COMPILER_GLOBAL_ACCENT_COLOR_NAME = AccentColor;
				CODE_SIGN_ENTITLEMENTS = "campus-go/campus-go.entitlements";
				CODE_SIGN_STYLE = Automatic;
				CURRENT_PROJECT_VERSION = 1;
				DEVELOPMENT_TEAM = "";
				GENERATE_INFOPLIST_FILE = YES;
				INFOPLIST_FILE = "campus-go/Info.plist";
				INFOPLIST_KEY_NSLocationWhenInUseUsageDescription = "Utilizamos sua localização para validar seus desafios.";
				INFOPLIST_KEY_UIApplicationSupportsIndirectInputEvents = YES;
				INFOPLIST_KEY_UILaunchStoryboardName = LaunchScreen;
				INFOPLIST_KEY_UIMainStoryboardFile = PlaceServiceTest;
				INFOPLIST_KEY_UISupportedInterfaceOrientations = UIInterfaceOrientationPortrait;
				INFOPLIST_KEY_UISupportedInterfaceOrientations_iPad = "UIInterfaceOrientationPortrait UIInterfaceOrientationPortraitUpsideDown UIInterfaceOrientationLandscapeLeft UIInterfaceOrientationLandscapeRight";
				INFOPLIST_KEY_UISupportedInterfaceOrientations_iPhone = "UIInterfaceOrientationPortrait UIInterfaceOrientationPortraitUpsideDown";
				LD_RUNPATH_SEARCH_PATHS = (
					"$(inherited)",
					"@executable_path/Frameworks",
				);
				MARKETING_VERSION = 1.0;
				PRODUCT_BUNDLE_IDENTIFIER = "br.dac.m203904.campus-go";
				PRODUCT_NAME = "$(TARGET_NAME)";
				SWIFT_EMIT_LOC_STRINGS = YES;
				SWIFT_VERSION = 5.0;
				TARGETED_DEVICE_FAMILY = "1,2";
			};
			name = Debug;
		};
		62C2DF29270493D6002118A0 /* Release */ = {
			isa = XCBuildConfiguration;
			buildSettings = {
				ASSETCATALOG_COMPILER_APPICON_NAME = AppIcon;
				ASSETCATALOG_COMPILER_GLOBAL_ACCENT_COLOR_NAME = AccentColor;
				CODE_SIGN_ENTITLEMENTS = "campus-go/campus-go.entitlements";
				CODE_SIGN_STYLE = Automatic;
				CURRENT_PROJECT_VERSION = 1;
				DEVELOPMENT_TEAM = "";
				GENERATE_INFOPLIST_FILE = YES;
				INFOPLIST_FILE = "campus-go/Info.plist";
				INFOPLIST_KEY_NSLocationWhenInUseUsageDescription = "Utilizamos sua localização para validar seus desafios.";
				INFOPLIST_KEY_UIApplicationSupportsIndirectInputEvents = YES;
				INFOPLIST_KEY_UILaunchStoryboardName = LaunchScreen;
				INFOPLIST_KEY_UIMainStoryboardFile = PlaceServiceTest;
				INFOPLIST_KEY_UISupportedInterfaceOrientations = UIInterfaceOrientationPortrait;
				INFOPLIST_KEY_UISupportedInterfaceOrientations_iPad = "UIInterfaceOrientationPortrait UIInterfaceOrientationPortraitUpsideDown UIInterfaceOrientationLandscapeLeft UIInterfaceOrientationLandscapeRight";
				INFOPLIST_KEY_UISupportedInterfaceOrientations_iPhone = "UIInterfaceOrientationPortrait UIInterfaceOrientationPortraitUpsideDown";
				LD_RUNPATH_SEARCH_PATHS = (
					"$(inherited)",
					"@executable_path/Frameworks",
				);
				MARKETING_VERSION = 1.0;
				PRODUCT_BUNDLE_IDENTIFIER = "br.dac.m203904.campus-go";
				PRODUCT_NAME = "$(TARGET_NAME)";
				SWIFT_EMIT_LOC_STRINGS = YES;
				SWIFT_VERSION = 5.0;
				TARGETED_DEVICE_FAMILY = "1,2";
			};
			name = Release;
		};
		62C44E5427172778002F9E05 /* Debug */ = {
			isa = XCBuildConfiguration;
			buildSettings = {
				BUNDLE_LOADER = "$(TEST_HOST)";
				CODE_SIGN_STYLE = Automatic;
				CURRENT_PROJECT_VERSION = 1;
				DEVELOPMENT_TEAM = X78RBU5682;
				GENERATE_INFOPLIST_FILE = YES;
				LD_RUNPATH_SEARCH_PATHS = (
					"$(inherited)",
					"@executable_path/Frameworks",
					"@loader_path/Frameworks",
				);
				MARKETING_VERSION = 1.0;
				PRODUCT_BUNDLE_IDENTIFIER = "br.dac.m203904.campus-go-tests";
				PRODUCT_NAME = "$(TARGET_NAME)";
				SWIFT_EMIT_LOC_STRINGS = NO;
				SWIFT_VERSION = 5.0;
				TARGETED_DEVICE_FAMILY = "1,2";
				TEST_HOST = "$(BUILT_PRODUCTS_DIR)/campus-go.app/campus-go";
			};
			name = Debug;
		};
		62C44E5527172778002F9E05 /* Release */ = {
			isa = XCBuildConfiguration;
			buildSettings = {
				BUNDLE_LOADER = "$(TEST_HOST)";
				CODE_SIGN_STYLE = Automatic;
				CURRENT_PROJECT_VERSION = 1;
				DEVELOPMENT_TEAM = X78RBU5682;
				GENERATE_INFOPLIST_FILE = YES;
				LD_RUNPATH_SEARCH_PATHS = (
					"$(inherited)",
					"@executable_path/Frameworks",
					"@loader_path/Frameworks",
				);
				MARKETING_VERSION = 1.0;
				PRODUCT_BUNDLE_IDENTIFIER = "br.dac.m203904.campus-go-tests";
				PRODUCT_NAME = "$(TARGET_NAME)";
				SWIFT_EMIT_LOC_STRINGS = NO;
				SWIFT_VERSION = 5.0;
				TARGETED_DEVICE_FAMILY = "1,2";
				TEST_HOST = "$(BUILT_PRODUCTS_DIR)/campus-go.app/campus-go";
			};
			name = Release;
		};
/* End XCBuildConfiguration section */

/* Begin XCConfigurationList section */
		62C2DF0B270493D4002118A0 /* Build configuration list for PBXProject "campus-go" */ = {
			isa = XCConfigurationList;
			buildConfigurations = (
				62C2DF25270493D6002118A0 /* Debug */,
				62C2DF26270493D6002118A0 /* Release */,
			);
			defaultConfigurationIsVisible = 0;
			defaultConfigurationName = Release;
		};
		62C2DF27270493D6002118A0 /* Build configuration list for PBXNativeTarget "campus-go" */ = {
			isa = XCConfigurationList;
			buildConfigurations = (
				62C2DF28270493D6002118A0 /* Debug */,
				62C2DF29270493D6002118A0 /* Release */,
			);
			defaultConfigurationIsVisible = 0;
			defaultConfigurationName = Release;
		};
		62C44E5627172778002F9E05 /* Build configuration list for PBXNativeTarget "campus-go-tests" */ = {
			isa = XCConfigurationList;
			buildConfigurations = (
				62C44E5427172778002F9E05 /* Debug */,
				62C44E5527172778002F9E05 /* Release */,
			);
			defaultConfigurationIsVisible = 0;
			defaultConfigurationName = Release;
		};
/* End XCConfigurationList section */

/* Begin XCVersionGroup section */
		623AADFA27297894002FFB06 /* campusGo.xcdatamodeld */ = {
			isa = XCVersionGroup;
			children = (
				623AADFB27297894002FFB06 /* campusGo.xcdatamodel */,
			);
			currentVersion = 623AADFB27297894002FFB06 /* campusGo.xcdatamodel */;
			path = campusGo.xcdatamodeld;
			sourceTree = "<group>";
			versionGroupType = wrapper.xcdatamodel;
		};
/* End XCVersionGroup section */
	};
	rootObject = 62C2DF08270493D4002118A0 /* Project object */;
}
